
Microsoft Visual Studio Solution File, Format Version 12.00
# Visual Studio Version 16
VisualStudioVersion = 16.0.31911.196
MinimumVisualStudioVersion = 10.0.40219.1
Project("{FAE04EC0-301F-11D3-BF4B-00C04F79EFBC}") = "Recursion", "Recursion\Recursion.csproj", "{701C26CC-6DD4-4609-8DF1-66756232CC06}"
EndProject
Project("{FAE04EC0-301F-11D3-BF4B-00C04F79EFBC}") = "PrintStars", "PrintStars\PrintStars.csproj", "{E0EB9405-E786-4F5B-98C6-34390E17223E}"
EndProject
Project("{FAE04EC0-301F-11D3-BF4B-00C04F79EFBC}") = "RecursiveFactorial", "RecursiveFactorial\RecursiveFactorial.csproj", "{66CBD3C5-0053-4008-85C5-A02EC4A72662}"
EndProject
Project("{FAE04EC0-301F-11D3-BF4B-00C04F79EFBC}") = "Vector", "Vector\Vector.csproj", "{36141C51-3752-4C81-9EA1-14F4A264547A}"
EndProject
Project("{FAE04EC0-301F-11D3-BF4B-00C04F79EFBC}") = "FindingAllPathsInLabyrinth", "FindingAllPathsInLabyrinth\FindingAllPathsInLabyrinth.csproj", "{EF4B1A89-1BE1-4850-A661-6B1586CD595C}"
EndProject
Global
	GlobalSection(SolutionConfigurationPlatforms) = preSolution
		Debug|Any CPU = Debug|Any CPU
		Release|Any CPU = Release|Any CPU
	EndGlobalSection
	GlobalSection(ProjectConfigurationPlatforms) = postSolution
		{701C26CC-6DD4-4609-8DF1-66756232CC06}.Debug|Any CPU.ActiveCfg = Debug|Any CPU
		{701C26CC-6DD4-4609-8DF1-66756232CC06}.Debug|Any CPU.Build.0 = Debug|Any CPU
		{701C26CC-6DD4-4609-8DF1-66756232CC06}.Release|Any CPU.ActiveCfg = Release|Any CPU
		{701C26CC-6DD4-4609-8DF1-66756232CC06}.Release|Any CPU.Build.0 = Release|Any CPU
		{E0EB9405-E786-4F5B-98C6-34390E17223E}.Debug|Any CPU.ActiveCfg = Debug|Any CPU
		{E0EB9405-E786-4F5B-98C6-34390E17223E}.Debug|Any CPU.Build.0 = Debug|Any CPU
		{E0EB9405-E786-4F5B-98C6-34390E17223E}.Release|Any CPU.ActiveCfg = Release|Any CPU
		{E0EB9405-E786-4F5B-98C6-34390E17223E}.Release|Any CPU.Build.0 = Release|Any CPU
		{66CBD3C5-0053-4008-85C5-A02EC4A72662}.Debug|Any CPU.ActiveCfg = Debug|Any CPU
		{66CBD3C5-0053-4008-85C5-A02EC4A72662}.Debug|Any CPU.Build.0 = Debug|Any CPU
		{66CBD3C5-0053-4008-85C5-A02EC4A72662}.Release|Any CPU.ActiveCfg = Release|Any CPU
		{66CBD3C5-0053-4008-85C5-A02EC4A72662}.Release|Any CPU.Build.0 = Release|Any CPU
		{36141C51-3752-4C81-9EA1-14F4A264547A}.Debug|Any CPU.ActiveCfg = Debug|Any CPU
		{36141C51-3752-4C81-9EA1-14F4A264547A}.Debug|Any CPU.Build.0 = Debug|Any CPU
		{36141C51-3752-4C81-9EA1-14F4A264547A}.Release|Any CPU.ActiveCfg = Release|Any CPU
		{36141C51-3752-4C81-9EA1-14F4A264547A}.Release|Any CPU.Build.0 = Release|Any CPU
		{EF4B1A89-1BE1-4850-A661-6B1586CD595C}.Debug|Any CPU.ActiveCfg = Debug|Any CPU
		{EF4B1A89-1BE1-4850-A661-6B1586CD595C}.Debug|Any CPU.Build.0 = Debug|Any CPU
		{EF4B1A89-1BE1-4850-A661-6B1586CD595C}.Release|Any CPU.ActiveCfg = Release|Any CPU
		{EF4B1A89-1BE1-4850-A661-6B1586CD595C}.Release|Any CPU.Build.0 = Release|Any CPU
	EndGlobalSection
	GlobalSection(SolutionProperties) = preSolution
		HideSolutionNode = FALSE
	EndGlobalSection
	GlobalSection(ExtensibilityGlobals) = postSolution
		SolutionGuid = {E17D6315-B45C-4DF1-B744-4BB649F90590}
	EndGlobalSection
EndGlobal
